
Microsoft Visual Studio Solution File, Format Version 12.00
# Visual Studio Version 17
VisualStudioVersion = 17.8.34322.80
MinimumVisualStudioVersion = 10.0.40219.1
Project("{FAE04EC0-301F-11D3-BF4B-00C04F79EFBC}") = "CabeleleilaLeila.Api", "CabeleleilaLeila.Api\CabeleleilaLeila.Api.csproj", "{7BA625F2-3335-4561-9104-38C6D4EB0F00}"
EndProject
Project("{FAE04EC0-301F-11D3-BF4B-00C04F79EFBC}") = "CabeleleilaLeila.Arguments", "CabeleleilaLeila.Arguments\CabeleleilaLeila.Arguments.csproj", "{AF107A20-A89D-4964-9161-4B6CCF3225C7}"
EndProject
Project("{FAE04EC0-301F-11D3-BF4B-00C04F79EFBC}") = "CabeleleilaLeila.Application", "CabeleleilaLeila.Application\CabeleleilaLeila.Application.csproj", "{30B45D5A-FC63-4A0E-841E-B977280B0AF2}"
EndProject
Project("{FAE04EC0-301F-11D3-BF4B-00C04F79EFBC}") = "CabeleleilaLeila.CrossCutting", "CabeleleilaLeila.CrossCutting\CabeleleilaLeila.CrossCutting.csproj", "{4806CA16-0672-4592-848D-FCD739B8BE39}"
EndProject
Project("{FAE04EC0-301F-11D3-BF4B-00C04F79EFBC}") = "CabeleleilaLeila.Domain", "CabeleleilaLeila.Domain\CabeleleilaLeila.Domain.csproj", "{61F5973B-8D53-469F-993F-FA68EAE373E0}"
EndProject
Project("{FAE04EC0-301F-11D3-BF4B-00C04F79EFBC}") = "CabeleleilaLeila.Infraestructure", "CabeleleilaLeila.Infraestructure\CabeleleilaLeila.Infraestructure.csproj", "{E495D36D-2CBD-4242-81BA-3188C359FB66}"
EndProject
Global
	GlobalSection(SolutionConfigurationPlatforms) = preSolution
		Debug|Any CPU = Debug|Any CPU
		Release|Any CPU = Release|Any CPU
	EndGlobalSection
	GlobalSection(ProjectConfigurationPlatforms) = postSolution
		{7BA625F2-3335-4561-9104-38C6D4EB0F00}.Debug|Any CPU.ActiveCfg = Debug|Any CPU
		{7BA625F2-3335-4561-9104-38C6D4EB0F00}.Debug|Any CPU.Build.0 = Debug|Any CPU
		{7BA625F2-3335-4561-9104-38C6D4EB0F00}.Release|Any CPU.ActiveCfg = Release|Any CPU
		{7BA625F2-3335-4561-9104-38C6D4EB0F00}.Release|Any CPU.Build.0 = Release|Any CPU
		{AF107A20-A89D-4964-9161-4B6CCF3225C7}.Debug|Any CPU.ActiveCfg = Debug|Any CPU
		{AF107A20-A89D-4964-9161-4B6CCF3225C7}.Debug|Any CPU.Build.0 = Debug|Any CPU
		{AF107A20-A89D-4964-9161-4B6CCF3225C7}.Release|Any CPU.ActiveCfg = Release|Any CPU
		{AF107A20-A89D-4964-9161-4B6CCF3225C7}.Release|Any CPU.Build.0 = Release|Any CPU
		{30B45D5A-FC63-4A0E-841E-B977280B0AF2}.Debug|Any CPU.ActiveCfg = Debug|Any CPU
		{30B45D5A-FC63-4A0E-841E-B977280B0AF2}.Debug|Any CPU.Build.0 = Debug|Any CPU
		{30B45D5A-FC63-4A0E-841E-B977280B0AF2}.Release|Any CPU.ActiveCfg = Release|Any CPU
		{30B45D5A-FC63-4A0E-841E-B977280B0AF2}.Release|Any CPU.Build.0 = Release|Any CPU
		{4806CA16-0672-4592-848D-FCD739B8BE39}.Debug|Any CPU.ActiveCfg = Debug|Any CPU
		{4806CA16-0672-4592-848D-FCD739B8BE39}.Debug|Any CPU.Build.0 = Debug|Any CPU
		{4806CA16-0672-4592-848D-FCD739B8BE39}.Release|Any CPU.ActiveCfg = Release|Any CPU
		{4806CA16-0672-4592-848D-FCD739B8BE39}.Release|Any CPU.Build.0 = Release|Any CPU
		{61F5973B-8D53-469F-993F-FA68EAE373E0}.Debug|Any CPU.ActiveCfg = Debug|Any CPU
		{61F5973B-8D53-469F-993F-FA68EAE373E0}.Debug|Any CPU.Build.0 = Debug|Any CPU
		{61F5973B-8D53-469F-993F-FA68EAE373E0}.Release|Any CPU.ActiveCfg = Release|Any CPU
		{61F5973B-8D53-469F-993F-FA68EAE373E0}.Release|Any CPU.Build.0 = Release|Any CPU
		{E495D36D-2CBD-4242-81BA-3188C359FB66}.Debug|Any CPU.ActiveCfg = Debug|Any CPU
		{E495D36D-2CBD-4242-81BA-3188C359FB66}.Debug|Any CPU.Build.0 = Debug|Any CPU
		{E495D36D-2CBD-4242-81BA-3188C359FB66}.Release|Any CPU.ActiveCfg = Release|Any CPU
		{E495D36D-2CBD-4242-81BA-3188C359FB66}.Release|Any CPU.Build.0 = Release|Any CPU
	EndGlobalSection
	GlobalSection(SolutionProperties) = preSolution
		HideSolutionNode = FALSE
	EndGlobalSection
	GlobalSection(ExtensibilityGlobals) = postSolution
		SolutionGuid = {BBE242F8-7165-4767-B646-F99C746162AB}
	EndGlobalSection
EndGlobal
